
Microsoft Visual Studio Solution File, Format Version 12.00
# Visual Studio 14
VisualStudioVersion = 14.0.25420.1
MinimumVisualStudioVersion = 10.0.40219.1
Project("{FAE04EC0-301F-11D3-BF4B-00C04F79EFBC}") = "PuzzleCore", "PuzzleCore\PuzzleCore.csproj", "{A084B830-B621-426C-96DA-0F57220A845C}"
EndProject
Project("{FAE04EC0-301F-11D3-BF4B-00C04F79EFBC}") = "PuzzleCore.Test", "PuzzleCore.Test\PuzzleCore.Test.csproj", "{C0F28AB6-7C7F-4690-9A11-5CCF3E5001AA}"
EndProject
Global
	GlobalSection(SolutionConfigurationPlatforms) = preSolution
		Debug|Any CPU = Debug|Any CPU
		Release|Any CPU = Release|Any CPU
	EndGlobalSection
	GlobalSection(ProjectConfigurationPlatforms) = postSolution
		{A084B830-B621-426C-96DA-0F57220A845C}.Debug|Any CPU.ActiveCfg = Debug|Any CPU
		{A084B830-B621-426C-96DA-0F57220A845C}.Debug|Any CPU.Build.0 = Debug|Any CPU
		{A084B830-B621-426C-96DA-0F57220A845C}.Release|Any CPU.ActiveCfg = Release|Any CPU
		{A084B830-B621-426C-96DA-0F57220A845C}.Release|Any CPU.Build.0 = Release|Any CPU
		{C0F28AB6-7C7F-4690-9A11-5CCF3E5001AA}.Debug|Any CPU.ActiveCfg = Debug|Any CPU
		{C0F28AB6-7C7F-4690-9A11-5CCF3E5001AA}.Debug|Any CPU.Build.0 = Debug|Any CPU
		{C0F28AB6-7C7F-4690-9A11-5CCF3E5001AA}.Release|Any CPU.ActiveCfg = Release|Any CPU
		{C0F28AB6-7C7F-4690-9A11-5CCF3E5001AA}.Release|Any CPU.Build.0 = Release|Any CPU
	EndGlobalSection
	GlobalSection(SolutionProperties) = preSolution
		HideSolutionNode = FALSE
	EndGlobalSection
EndGlobal
